
Microsoft Visual Studio Solution File, Format Version 12.00
# Visual Studio Version 17
VisualStudioVersion = 17.5.33424.131
MinimumVisualStudioVersion = 10.0.40219.1
Project("{9A19103F-16F7-4668-BE54-9A1E7A4F7556}") = "DesignPatterns.FactoryMethod", "DesignPatterns.FactoryMethod\DesignPatterns.FactoryMethod.csproj", "{F989B3FA-A2E5-489F-BBEC-B6748BD1C274}"
EndProject
Project("{9A19103F-16F7-4668-BE54-9A1E7A4F7556}") = "DesignPatterns.AbstractFactory", "DesignPatterns.AbstractFactory\DesignPatterns.AbstractFactory.csproj", "{9172BF10-9A7D-4350-84D5-C30D252B6C27}"
EndProject
Project("{9A19103F-16F7-4668-BE54-9A1E7A4F7556}") = "DesignPatterns.Builder", "DesignPatterns.Builder\DesignPatterns.Builder.csproj", "{F19D4CEC-2445-40B9-B08C-AD4E94148F3F}"
EndProject
Project("{9A19103F-16F7-4668-BE54-9A1E7A4F7556}") = "DesignPatterns.Prototype", "DesignPatterns.Prototype\DesignPatterns.Prototype.csproj", "{4A1AFA84-B875-49E0-8806-F41FF7A1E796}"
EndProject
Project("{9A19103F-16F7-4668-BE54-9A1E7A4F7556}") = "DesignPatterns.Singleton", "DesignPatterns.Singleton\DesignPatterns.Singleton.csproj", "{5064F164-66F9-4DF9-99A8-92514F7A7E4C}"
EndProject
Project("{2150E333-8FDC-42A3-9474-1A3956D46DE8}") = "Creational", "Creational", "{5BCC9B2A-F14B-4B66-B991-DA59FE4C001F}"
EndProject
Project("{2150E333-8FDC-42A3-9474-1A3956D46DE8}") = "Structural", "Structural", "{521FDEB7-8E70-407F-8FAA-4DC8EC55EAB6}"
EndProject
Project("{2150E333-8FDC-42A3-9474-1A3956D46DE8}") = "Behavioural", "Behavioural", "{D0DB2E18-BE5E-49FD-BAB1-BC4210343119}"
EndProject
Project("{9A19103F-16F7-4668-BE54-9A1E7A4F7556}") = "DesignPatterns.Adapter", "DesignPatterns.Adapter\DesignPatterns.Adapter.csproj", "{1DDB83F4-52DF-4BA2-9A21-2FD1CE262A04}"
EndProject
Project("{9A19103F-16F7-4668-BE54-9A1E7A4F7556}") = "DesignPatterns.Bridge", "DesignPatterns.Bridge\DesignPatterns.Bridge.csproj", "{B4A3ACE2-CDB6-4DF2-8CC7-AEAE106D6F6B}"
EndProject
Project("{9A19103F-16F7-4668-BE54-9A1E7A4F7556}") = "DesignPatterns.Composite", "DesignPatterns.Composite\DesignPatterns.Composite.csproj", "{B9D8F886-DBA0-43AF-8D26-AA96C9D699B0}"
EndProject
Project("{9A19103F-16F7-4668-BE54-9A1E7A4F7556}") = "DesignPatterns.Decorator", "DesignPatterns.Decorator\DesignPatterns.Decorator.csproj", "{A462C824-70AD-4DB0-B1F4-304ECC1DA1EF}"
EndProject
Project("{9A19103F-16F7-4668-BE54-9A1E7A4F7556}") = "DesignPatterns.Facade", "DesignPatterns.Facade\DesignPatterns.Facade.csproj", "{73E8FF42-33AB-46EB-8820-A37751F54B4F}"
EndProject
Project("{9A19103F-16F7-4668-BE54-9A1E7A4F7556}") = "DesignPatterns.Flyweight", "DesignPatterns.Flyweight\DesignPatterns.Flyweight.csproj", "{76DACBB3-3A8E-48E5-90B6-678E3FB2006D}"
EndProject
Project("{9A19103F-16F7-4668-BE54-9A1E7A4F7556}") = "DesignPatterns.Proxy", "DesignPatterns.Proxy\DesignPatterns.Proxy.csproj", "{3ABD32AB-A5E4-4DDE-9E4F-7FF0B2B11642}"
EndProject
Project("{9A19103F-16F7-4668-BE54-9A1E7A4F7556}") = "DesignPatterns.ChainOfResponsibility", "DesignPatterns.ChainOfResponsibility\DesignPatterns.ChainOfResponsibility.csproj", "{6E9EF055-F93C-470B-AC53-2ED786F755B5}"
EndProject
Project("{9A19103F-16F7-4668-BE54-9A1E7A4F7556}") = "DesignPatterns.Command", "DesignPatterns.Command\DesignPatterns.Command.csproj", "{16AE661C-3ADD-40A6-AA8A-EA5346744ED7}"
EndProject
Project("{9A19103F-16F7-4668-BE54-9A1E7A4F7556}") = "DesignPatterns.Iterator", "DesignPatterns.Iterator\DesignPatterns.Iterator.csproj", "{6CEEE716-55CB-4031-976D-A6A43ACEA125}"
EndProject
Project("{9A19103F-16F7-4668-BE54-9A1E7A4F7556}") = "DesignPatterns.Mediator", "DesignPatterns.Mediator\DesignPatterns.Mediator.csproj", "{46AB13EE-0862-484B-9C4A-E20432872097}"
EndProject
Project("{9A19103F-16F7-4668-BE54-9A1E7A4F7556}") = "DesignPatterns.Memento", "DesignPatterns.Memento\DesignPatterns.Memento.csproj", "{8E83CE4C-4307-4996-A6CA-7ABD440C1D25}"
EndProject
Project("{9A19103F-16F7-4668-BE54-9A1E7A4F7556}") = "DesignPatterns.Observer", "DesignPatterns.Observer\DesignPatterns.Observer.csproj", "{F7522AE6-500F-4B11-9947-7B328228B1A7}"
EndProject
Project("{9A19103F-16F7-4668-BE54-9A1E7A4F7556}") = "DesignPatterns.State", "DesignPatterns.State\DesignPatterns.State.csproj", "{268386CE-551D-456B-AB44-FFD9CA4F9C0B}"
EndProject
Project("{FAE04EC0-301F-11D3-BF4B-00C04F79EFBC}") = "DesignPatterns.Strategy", "DesignPatterns.Strategy\DesignPatterns.Strategy.csproj", "{D3EB32A7-D03C-4D31-A724-050C65CB782B}"
EndProject
Project("{FAE04EC0-301F-11D3-BF4B-00C04F79EFBC}") = "DesignPatterns.TemplateMethod", "DesignPatterns.TemplateMethod\DesignPatterns.TemplateMethod.csproj", "{BED467F9-9474-4345-A668-D630F45E89A9}"
EndProject
Global
	GlobalSection(SolutionConfigurationPlatforms) = preSolution
		Debug|Any CPU = Debug|Any CPU
		Release|Any CPU = Release|Any CPU
	EndGlobalSection
	GlobalSection(ProjectConfigurationPlatforms) = postSolution
		{F989B3FA-A2E5-489F-BBEC-B6748BD1C274}.Debug|Any CPU.ActiveCfg = Debug|Any CPU
		{F989B3FA-A2E5-489F-BBEC-B6748BD1C274}.Debug|Any CPU.Build.0 = Debug|Any CPU
		{F989B3FA-A2E5-489F-BBEC-B6748BD1C274}.Release|Any CPU.ActiveCfg = Release|Any CPU
		{F989B3FA-A2E5-489F-BBEC-B6748BD1C274}.Release|Any CPU.Build.0 = Release|Any CPU
		{9172BF10-9A7D-4350-84D5-C30D252B6C27}.Debug|Any CPU.ActiveCfg = Debug|Any CPU
		{9172BF10-9A7D-4350-84D5-C30D252B6C27}.Debug|Any CPU.Build.0 = Debug|Any CPU
		{9172BF10-9A7D-4350-84D5-C30D252B6C27}.Release|Any CPU.ActiveCfg = Release|Any CPU
		{9172BF10-9A7D-4350-84D5-C30D252B6C27}.Release|Any CPU.Build.0 = Release|Any CPU
		{F19D4CEC-2445-40B9-B08C-AD4E94148F3F}.Debug|Any CPU.ActiveCfg = Debug|Any CPU
		{F19D4CEC-2445-40B9-B08C-AD4E94148F3F}.Debug|Any CPU.Build.0 = Debug|Any CPU
		{F19D4CEC-2445-40B9-B08C-AD4E94148F3F}.Release|Any CPU.ActiveCfg = Release|Any CPU
		{F19D4CEC-2445-40B9-B08C-AD4E94148F3F}.Release|Any CPU.Build.0 = Release|Any CPU
		{4A1AFA84-B875-49E0-8806-F41FF7A1E796}.Debug|Any CPU.ActiveCfg = Debug|Any CPU
		{4A1AFA84-B875-49E0-8806-F41FF7A1E796}.Debug|Any CPU.Build.0 = Debug|Any CPU
		{4A1AFA84-B875-49E0-8806-F41FF7A1E796}.Release|Any CPU.ActiveCfg = Release|Any CPU
		{4A1AFA84-B875-49E0-8806-F41FF7A1E796}.Release|Any CPU.Build.0 = Release|Any CPU
		{5064F164-66F9-4DF9-99A8-92514F7A7E4C}.Debug|Any CPU.ActiveCfg = Debug|Any CPU
		{5064F164-66F9-4DF9-99A8-92514F7A7E4C}.Debug|Any CPU.Build.0 = Debug|Any CPU
		{5064F164-66F9-4DF9-99A8-92514F7A7E4C}.Release|Any CPU.ActiveCfg = Release|Any CPU
		{5064F164-66F9-4DF9-99A8-92514F7A7E4C}.Release|Any CPU.Build.0 = Release|Any CPU
		{1DDB83F4-52DF-4BA2-9A21-2FD1CE262A04}.Debug|Any CPU.ActiveCfg = Debug|Any CPU
		{1DDB83F4-52DF-4BA2-9A21-2FD1CE262A04}.Debug|Any CPU.Build.0 = Debug|Any CPU
		{1DDB83F4-52DF-4BA2-9A21-2FD1CE262A04}.Release|Any CPU.ActiveCfg = Release|Any CPU
		{1DDB83F4-52DF-4BA2-9A21-2FD1CE262A04}.Release|Any CPU.Build.0 = Release|Any CPU
		{B4A3ACE2-CDB6-4DF2-8CC7-AEAE106D6F6B}.Debug|Any CPU.ActiveCfg = Debug|Any CPU
		{B4A3ACE2-CDB6-4DF2-8CC7-AEAE106D6F6B}.Debug|Any CPU.Build.0 = Debug|Any CPU
		{B4A3ACE2-CDB6-4DF2-8CC7-AEAE106D6F6B}.Release|Any CPU.ActiveCfg = Release|Any CPU
		{B4A3ACE2-CDB6-4DF2-8CC7-AEAE106D6F6B}.Release|Any CPU.Build.0 = Release|Any CPU
		{B9D8F886-DBA0-43AF-8D26-AA96C9D699B0}.Debug|Any CPU.ActiveCfg = Debug|Any CPU
		{B9D8F886-DBA0-43AF-8D26-AA96C9D699B0}.Debug|Any CPU.Build.0 = Debug|Any CPU
		{B9D8F886-DBA0-43AF-8D26-AA96C9D699B0}.Release|Any CPU.ActiveCfg = Release|Any CPU
		{B9D8F886-DBA0-43AF-8D26-AA96C9D699B0}.Release|Any CPU.Build.0 = Release|Any CPU
		{A462C824-70AD-4DB0-B1F4-304ECC1DA1EF}.Debug|Any CPU.ActiveCfg = Debug|Any CPU
		{A462C824-70AD-4DB0-B1F4-304ECC1DA1EF}.Debug|Any CPU.Build.0 = Debug|Any CPU
		{A462C824-70AD-4DB0-B1F4-304ECC1DA1EF}.Release|Any CPU.ActiveCfg = Release|Any CPU
		{A462C824-70AD-4DB0-B1F4-304ECC1DA1EF}.Release|Any CPU.Build.0 = Release|Any CPU
		{73E8FF42-33AB-46EB-8820-A37751F54B4F}.Debug|Any CPU.ActiveCfg = Debug|Any CPU
		{73E8FF42-33AB-46EB-8820-A37751F54B4F}.Debug|Any CPU.Build.0 = Debug|Any CPU
		{73E8FF42-33AB-46EB-8820-A37751F54B4F}.Release|Any CPU.ActiveCfg = Release|Any CPU
		{73E8FF42-33AB-46EB-8820-A37751F54B4F}.Release|Any CPU.Build.0 = Release|Any CPU
		{76DACBB3-3A8E-48E5-90B6-678E3FB2006D}.Debug|Any CPU.ActiveCfg = Debug|Any CPU
		{76DACBB3-3A8E-48E5-90B6-678E3FB2006D}.Debug|Any CPU.Build.0 = Debug|Any CPU
		{76DACBB3-3A8E-48E5-90B6-678E3FB2006D}.Release|Any CPU.ActiveCfg = Release|Any CPU
		{76DACBB3-3A8E-48E5-90B6-678E3FB2006D}.Release|Any CPU.Build.0 = Release|Any CPU
		{3ABD32AB-A5E4-4DDE-9E4F-7FF0B2B11642}.Debug|Any CPU.ActiveCfg = Debug|Any CPU
		{3ABD32AB-A5E4-4DDE-9E4F-7FF0B2B11642}.Debug|Any CPU.Build.0 = Debug|Any CPU
		{3ABD32AB-A5E4-4DDE-9E4F-7FF0B2B11642}.Release|Any CPU.ActiveCfg = Release|Any CPU
		{3ABD32AB-A5E4-4DDE-9E4F-7FF0B2B11642}.Release|Any CPU.Build.0 = Release|Any CPU
		{6E9EF055-F93C-470B-AC53-2ED786F755B5}.Debug|Any CPU.ActiveCfg = Debug|Any CPU
		{6E9EF055-F93C-470B-AC53-2ED786F755B5}.Debug|Any CPU.Build.0 = Debug|Any CPU
		{6E9EF055-F93C-470B-AC53-2ED786F755B5}.Release|Any CPU.ActiveCfg = Release|Any CPU
		{6E9EF055-F93C-470B-AC53-2ED786F755B5}.Release|Any CPU.Build.0 = Release|Any CPU
		{16AE661C-3ADD-40A6-AA8A-EA5346744ED7}.Debug|Any CPU.ActiveCfg = Debug|Any CPU
		{16AE661C-3ADD-40A6-AA8A-EA5346744ED7}.Debug|Any CPU.Build.0 = Debug|Any CPU
		{16AE661C-3ADD-40A6-AA8A-EA5346744ED7}.Release|Any CPU.ActiveCfg = Release|Any CPU
		{16AE661C-3ADD-40A6-AA8A-EA5346744ED7}.Release|Any CPU.Build.0 = Release|Any CPU
		{6CEEE716-55CB-4031-976D-A6A43ACEA125}.Debug|Any CPU.ActiveCfg = Debug|Any CPU
		{6CEEE716-55CB-4031-976D-A6A43ACEA125}.Debug|Any CPU.Build.0 = Debug|Any CPU
		{6CEEE716-55CB-4031-976D-A6A43ACEA125}.Release|Any CPU.ActiveCfg = Release|Any CPU
		{6CEEE716-55CB-4031-976D-A6A43ACEA125}.Release|Any CPU.Build.0 = Release|Any CPU
		{46AB13EE-0862-484B-9C4A-E20432872097}.Debug|Any CPU.ActiveCfg = Debug|Any CPU
		{46AB13EE-0862-484B-9C4A-E20432872097}.Debug|Any CPU.Build.0 = Debug|Any CPU
		{46AB13EE-0862-484B-9C4A-E20432872097}.Release|Any CPU.ActiveCfg = Release|Any CPU
		{46AB13EE-0862-484B-9C4A-E20432872097}.Release|Any CPU.Build.0 = Release|Any CPU
		{8E83CE4C-4307-4996-A6CA-7ABD440C1D25}.Debug|Any CPU.ActiveCfg = Debug|Any CPU
		{8E83CE4C-4307-4996-A6CA-7ABD440C1D25}.Debug|Any CPU.Build.0 = Debug|Any CPU
		{8E83CE4C-4307-4996-A6CA-7ABD440C1D25}.Release|Any CPU.ActiveCfg = Release|Any CPU
		{8E83CE4C-4307-4996-A6CA-7ABD440C1D25}.Release|Any CPU.Build.0 = Release|Any CPU
		{F7522AE6-500F-4B11-9947-7B328228B1A7}.Debug|Any CPU.ActiveCfg = Debug|Any CPU
		{F7522AE6-500F-4B11-9947-7B328228B1A7}.Debug|Any CPU.Build.0 = Debug|Any CPU
		{F7522AE6-500F-4B11-9947-7B328228B1A7}.Release|Any CPU.ActiveCfg = Release|Any CPU
		{F7522AE6-500F-4B11-9947-7B328228B1A7}.Release|Any CPU.Build.0 = Release|Any CPU
		{268386CE-551D-456B-AB44-FFD9CA4F9C0B}.Debug|Any CPU.ActiveCfg = Debug|Any CPU
		{268386CE-551D-456B-AB44-FFD9CA4F9C0B}.Debug|Any CPU.Build.0 = Debug|Any CPU
		{268386CE-551D-456B-AB44-FFD9CA4F9C0B}.Release|Any CPU.ActiveCfg = Release|Any CPU
		{268386CE-551D-456B-AB44-FFD9CA4F9C0B}.Release|Any CPU.Build.0 = Release|Any CPU
		{D3EB32A7-D03C-4D31-A724-050C65CB782B}.Debug|Any CPU.ActiveCfg = Debug|Any CPU
		{D3EB32A7-D03C-4D31-A724-050C65CB782B}.Debug|Any CPU.Build.0 = Debug|Any CPU
		{D3EB32A7-D03C-4D31-A724-050C65CB782B}.Release|Any CPU.ActiveCfg = Release|Any CPU
		{D3EB32A7-D03C-4D31-A724-050C65CB782B}.Release|Any CPU.Build.0 = Release|Any CPU
		{BED467F9-9474-4345-A668-D630F45E89A9}.Debug|Any CPU.ActiveCfg = Debug|Any CPU
		{BED467F9-9474-4345-A668-D630F45E89A9}.Debug|Any CPU.Build.0 = Debug|Any CPU
		{BED467F9-9474-4345-A668-D630F45E89A9}.Release|Any CPU.ActiveCfg = Release|Any CPU
		{BED467F9-9474-4345-A668-D630F45E89A9}.Release|Any CPU.Build.0 = Release|Any CPU
	EndGlobalSection
	GlobalSection(SolutionProperties) = preSolution
		HideSolutionNode = FALSE
	EndGlobalSection
	GlobalSection(NestedProjects) = preSolution
		{F989B3FA-A2E5-489F-BBEC-B6748BD1C274} = {5BCC9B2A-F14B-4B66-B991-DA59FE4C001F}
		{9172BF10-9A7D-4350-84D5-C30D252B6C27} = {5BCC9B2A-F14B-4B66-B991-DA59FE4C001F}
		{F19D4CEC-2445-40B9-B08C-AD4E94148F3F} = {5BCC9B2A-F14B-4B66-B991-DA59FE4C001F}
		{4A1AFA84-B875-49E0-8806-F41FF7A1E796} = {5BCC9B2A-F14B-4B66-B991-DA59FE4C001F}
		{5064F164-66F9-4DF9-99A8-92514F7A7E4C} = {5BCC9B2A-F14B-4B66-B991-DA59FE4C001F}
		{1DDB83F4-52DF-4BA2-9A21-2FD1CE262A04} = {521FDEB7-8E70-407F-8FAA-4DC8EC55EAB6}
		{B4A3ACE2-CDB6-4DF2-8CC7-AEAE106D6F6B} = {521FDEB7-8E70-407F-8FAA-4DC8EC55EAB6}
		{B9D8F886-DBA0-43AF-8D26-AA96C9D699B0} = {521FDEB7-8E70-407F-8FAA-4DC8EC55EAB6}
		{A462C824-70AD-4DB0-B1F4-304ECC1DA1EF} = {521FDEB7-8E70-407F-8FAA-4DC8EC55EAB6}
		{73E8FF42-33AB-46EB-8820-A37751F54B4F} = {521FDEB7-8E70-407F-8FAA-4DC8EC55EAB6}
		{76DACBB3-3A8E-48E5-90B6-678E3FB2006D} = {521FDEB7-8E70-407F-8FAA-4DC8EC55EAB6}
		{3ABD32AB-A5E4-4DDE-9E4F-7FF0B2B11642} = {521FDEB7-8E70-407F-8FAA-4DC8EC55EAB6}
		{6E9EF055-F93C-470B-AC53-2ED786F755B5} = {D0DB2E18-BE5E-49FD-BAB1-BC4210343119}
		{16AE661C-3ADD-40A6-AA8A-EA5346744ED7} = {D0DB2E18-BE5E-49FD-BAB1-BC4210343119}
		{6CEEE716-55CB-4031-976D-A6A43ACEA125} = {D0DB2E18-BE5E-49FD-BAB1-BC4210343119}
		{46AB13EE-0862-484B-9C4A-E20432872097} = {D0DB2E18-BE5E-49FD-BAB1-BC4210343119}
		{8E83CE4C-4307-4996-A6CA-7ABD440C1D25} = {D0DB2E18-BE5E-49FD-BAB1-BC4210343119}
		{F7522AE6-500F-4B11-9947-7B328228B1A7} = {D0DB2E18-BE5E-49FD-BAB1-BC4210343119}
		{268386CE-551D-456B-AB44-FFD9CA4F9C0B} = {D0DB2E18-BE5E-49FD-BAB1-BC4210343119}
		{D3EB32A7-D03C-4D31-A724-050C65CB782B} = {D0DB2E18-BE5E-49FD-BAB1-BC4210343119}
		{BED467F9-9474-4345-A668-D630F45E89A9} = {D0DB2E18-BE5E-49FD-BAB1-BC4210343119}
	EndGlobalSection
	GlobalSection(ExtensibilityGlobals) = postSolution
		SolutionGuid = {7C993A39-D192-406D-8F5B-36449B176347}
	EndGlobalSection
EndGlobal
